
Microsoft Visual Studio Solution File, Format Version 12.00
# Visual Studio Version 16
VisualStudioVersion = 16.0.31005.135
MinimumVisualStudioVersion = 10.0.40219.1
Project("{FAE04EC0-301F-11D3-BF4B-00C04F79EFBC}") = "DockerDemo", "DockerDemo.csproj", "{AD6070BC-D6CF-4536-848E-2037B0B867D6}"
EndProject
Global
	GlobalSection(SolutionConfigurationPlatforms) = preSolution
		Debug|Any CPU = Debug|Any CPU
		Release|Any CPU = Release|Any CPU
	EndGlobalSection
	GlobalSection(ProjectConfigurationPlatforms) = postSolution
		{AD6070BC-D6CF-4536-848E-2037B0B867D6}.Debug|Any CPU.ActiveCfg = Debug|Any CPU
		{AD6070BC-D6CF-4536-848E-2037B0B867D6}.Debug|Any CPU.Build.0 = Debug|Any CPU
		{AD6070BC-D6CF-4536-848E-2037B0B867D6}.Release|Any CPU.ActiveCfg = Release|Any CPU
		{AD6070BC-D6CF-4536-848E-2037B0B867D6}.Release|Any CPU.Build.0 = Release|Any CPU
	EndGlobalSection
	GlobalSection(SolutionProperties) = preSolution
		HideSolutionNode = FALSE
	EndGlobalSection
	GlobalSection(ExtensibilityGlobals) = postSolution
		SolutionGuid = {1B411BF6-5C7B-47B5-994D-3F81521AC5BB}
	EndGlobalSection
EndGlobal
